// !$*UTF8*$!
{
	archiveVersion = 1;
	classes = {
	};
	objectVersion = 46;
	objects = {

/* Begin PBXBuildFile section */
		341275EB1BD39ED500F03A1B /* main.m in Sources */ = {isa = PBXBuildFile; fileRef = 341275EA1BD39ED500F03A1B /* main.m */; };
		341275EE1BD39ED500F03A1B /* AppDelegate.m in Sources */ = {isa = PBXBuildFile; fileRef = 341275ED1BD39ED500F03A1B /* AppDelegate.m */; };
		341275F11BD39ED500F03A1B /* FirstViewController.m in Sources */ = {isa = PBXBuildFile; fileRef = 341275F01BD39ED500F03A1B /* FirstViewController.m */; };
		341275F41BD39ED500F03A1B /* SecondViewController.m in Sources */ = {isa = PBXBuildFile; fileRef = 341275F31BD39ED500F03A1B /* SecondViewController.m */; };
		341275F71BD39ED500F03A1B /* Main.storyboard in Resources */ = {isa = PBXBuildFile; fileRef = 341275F51BD39ED500F03A1B /* Main.storyboard */; };
		341275F91BD39ED500F03A1B /* Assets.xcassets in Resources */ = {isa = PBXBuildFile; fileRef = 341275F81BD39ED500F03A1B /* Assets.xcassets */; };
		341275FC1BD39ED500F03A1B /* LaunchScreen.storyboard in Resources */ = {isa = PBXBuildFile; fileRef = 341275FA1BD39ED500F03A1B /* LaunchScreen.storyboard */; };
		341276071BD39ED500F03A1B /* snap_itTests.m in Sources */ = {isa = PBXBuildFile; fileRef = 341276061BD39ED500F03A1B /* snap_itTests.m */; };
		341276121BD39ED500F03A1B /* snap_itUITests.m in Sources */ = {isa = PBXBuildFile; fileRef = 341276111BD39ED500F03A1B /* snap_itUITests.m */; };
/* End PBXBuildFile section */

/* Begin PBXContainerItemProxy section */
		341276031BD39ED500F03A1B /* PBXContainerItemProxy */ = {
			isa = PBXContainerItemProxy;
			containerPortal = 341275DE1BD39ED500F03A1B /* Project object */;
			proxyType = 1;
			remoteGlobalIDString = 341275E51BD39ED500F03A1B;
			remoteInfo = "snap-it";
		};
		3412760E1BD39ED500F03A1B /* PBXContainerItemProxy */ = {
			isa = PBXContainerItemProxy;
			containerPortal = 341275DE1BD39ED500F03A1B /* Project object */;
			proxyType = 1;
			remoteGlobalIDString = 341275E51BD39ED500F03A1B;
			remoteInfo = "snap-it";
		};
/* End PBXContainerItemProxy section */

/* Begin PBXFileReference section */
		341275E61BD39ED500F03A1B /* snap-it.app */ = {isa = PBXFileReference; explicitFileType = wrapper.application; includeInIndex = 0; path = "snap-it.app"; sourceTree = BUILT_PRODUCTS_DIR; };
		341275EA1BD39ED500F03A1B /* main.m */ = {isa = PBXFileReference; lastKnownFileType = sourcecode.c.objc; path = main.m; sourceTree = "<group>"; };
		341275EC1BD39ED500F03A1B /* AppDelegate.h */ = {isa = PBXFileReference; lastKnownFileType = sourcecode.c.h; path = AppDelegate.h; sourceTree = "<group>"; };
		341275ED1BD39ED500F03A1B /* AppDelegate.m */ = {isa = PBXFileReference; lastKnownFileType = sourcecode.c.objc; path = AppDelegate.m; sourceTree = "<group>"; };
		341275EF1BD39ED500F03A1B /* FirstViewController.h */ = {isa = PBXFileReference; lastKnownFileType = sourcecode.c.h; path = FirstViewController.h; sourceTree = "<group>"; };
		341275F01BD39ED500F03A1B /* FirstViewController.m */ = {isa = PBXFileReference; lastKnownFileType = sourcecode.c.objc; path = FirstViewController.m; sourceTree = "<group>"; };
		341275F21BD39ED500F03A1B /* SecondViewController.h */ = {isa = PBXFileReference; lastKnownFileType = sourcecode.c.h; path = SecondViewController.h; sourceTree = "<group>"; };
		341275F31BD39ED500F03A1B /* SecondViewController.m */ = {isa = PBXFileReference; lastKnownFileType = sourcecode.c.objc; path = SecondViewController.m; sourceTree = "<group>"; };
		341275F61BD39ED500F03A1B /* Base */ = {isa = PBXFileReference; lastKnownFileType = file.storyboard; name = Base; path = Base.lproj/Main.storyboard; sourceTree = "<group>"; };
		341275F81BD39ED500F03A1B /* Assets.xcassets */ = {isa = PBXFileReference; lastKnownFileType = folder.assetcatalog; path = Assets.xcassets; sourceTree = "<group>"; };
		341275FB1BD39ED500F03A1B /* Base */ = {isa = PBXFileReference; lastKnownFileType = file.storyboard; name = Base; path = Base.lproj/LaunchScreen.storyboard; sourceTree = "<group>"; };
		341275FD1BD39ED500F03A1B /* Info.plist */ = {isa = PBXFileReference; lastKnownFileType = text.plist.xml; path = Info.plist; sourceTree = "<group>"; };
		341276021BD39ED500F03A1B /* snap-itTests.xctest */ = {isa = PBXFileReference; explicitFileType = wrapper.cfbundle; includeInIndex = 0; path = "snap-itTests.xctest"; sourceTree = BUILT_PRODUCTS_DIR; };
		341276061BD39ED500F03A1B /* snap_itTests.m */ = {isa = PBXFileReference; lastKnownFileType = sourcecode.c.objc; path = snap_itTests.m; sourceTree = "<group>"; };
		341276081BD39ED500F03A1B /* Info.plist */ = {isa = PBXFileReference; lastKnownFileType = text.plist.xml; path = Info.plist; sourceTree = "<group>"; };
		3412760D1BD39ED500F03A1B /* snap-itUITests.xctest */ = {isa = PBXFileReference; explicitFileType = wrapper.cfbundle; includeInIndex = 0; path = "snap-itUITests.xctest"; sourceTree = BUILT_PRODUCTS_DIR; };
		341276111BD39ED500F03A1B /* snap_itUITests.m */ = {isa = PBXFileReference; lastKnownFileType = sourcecode.c.objc; path = snap_itUITests.m; sourceTree = "<group>"; };
		341276131BD39ED500F03A1B /* Info.plist */ = {isa = PBXFileReference; lastKnownFileType = text.plist.xml; path = Info.plist; sourceTree = "<group>"; };
/* End PBXFileReference section */

/* Begin PBXFrameworksBuildPhase section */
		341275E31BD39ED500F03A1B /* Frameworks */ = {
			isa = PBXFrameworksBuildPhase;
			buildActionMask = 2147483647;
			files = (
			);
			runOnlyForDeploymentPostprocessing = 0;
		};
		341275FF1BD39ED500F03A1B /* Frameworks */ = {
			isa = PBXFrameworksBuildPhase;
			buildActionMask = 2147483647;
			files = (
			);
			runOnlyForDeploymentPostprocessing = 0;
		};
		3412760A1BD39ED500F03A1B /* Frameworks */ = {
			isa = PBXFrameworksBuildPhase;
			buildActionMask = 2147483647;
			files = (
			);
			runOnlyForDeploymentPostprocessing = 0;
		};
/* End PBXFrameworksBuildPhase section */

/* Begin PBXGroup section */
		341275DD1BD39ED500F03A1B = {
			isa = PBXGroup;
			children = (
				341275E81BD39ED500F03A1B /* snap-it */,
				341276051BD39ED500F03A1B /* snap-itTests */,
				341276101BD39ED500F03A1B /* snap-itUITests */,
				341275E71BD39ED500F03A1B /* Products */,
			);
			sourceTree = "<group>";
		};
		341275E71BD39ED500F03A1B /* Products */ = {
			isa = PBXGroup;
			children = (
				341275E61BD39ED500F03A1B /* snap-it.app */,
				341276021BD39ED500F03A1B /* snap-itTests.xctest */,
				3412760D1BD39ED500F03A1B /* snap-itUITests.xctest */,
			);
			name = Products;
			sourceTree = "<group>";
		};
		341275E81BD39ED500F03A1B /* snap-it */ = {
			isa = PBXGroup;
			children = (
				341275EC1BD39ED500F03A1B /* AppDelegate.h */,
				341275ED1BD39ED500F03A1B /* AppDelegate.m */,
				341275EF1BD39ED500F03A1B /* FirstViewController.h */,
				341275F01BD39ED500F03A1B /* FirstViewController.m */,
				341275F21BD39ED500F03A1B /* SecondViewController.h */,
				341275F31BD39ED500F03A1B /* SecondViewController.m */,
				341275F51BD39ED500F03A1B /* Main.storyboard */,
				341275F81BD39ED500F03A1B /* Assets.xcassets */,
				341275FA1BD39ED500F03A1B /* LaunchScreen.storyboard */,
				341275FD1BD39ED500F03A1B /* Info.plist */,
				341275E91BD39ED500F03A1B /* Supporting Files */,
			);
			path = "snap-it";
			sourceTree = "<group>";
		};
		341275E91BD39ED500F03A1B /* Supporting Files */ = {
			isa = PBXGroup;
			children = (
				341275EA1BD39ED500F03A1B /* main.m */,
			);
			name = "Supporting Files";
			sourceTree = "<group>";
		};
		341276051BD39ED500F03A1B /* snap-itTests */ = {
			isa = PBXGroup;
			children = (
				341276061BD39ED500F03A1B /* snap_itTests.m */,
				341276081BD39ED500F03A1B /* Info.plist */,
			);
			path = "snap-itTests";
			sourceTree = "<group>";
		};
		341276101BD39ED500F03A1B /* snap-itUITests */ = {
			isa = PBXGroup;
			children = (
				341276111BD39ED500F03A1B /* snap_itUITests.m */,
				341276131BD39ED500F03A1B /* Info.plist */,
			);
			path = "snap-itUITests";
			sourceTree = "<group>";
		};
/* End PBXGroup section */

/* Begin PBXNativeTarget section */
		341275E51BD39ED500F03A1B /* snap-it */ = {
			isa = PBXNativeTarget;
			buildConfigurationList = 341276161BD39ED500F03A1B /* Build configuration list for PBXNativeTarget "snap-it" */;
			buildPhases = (
				341275E21BD39ED500F03A1B /* Sources */,
				341275E31BD39ED500F03A1B /* Frameworks */,
				341275E41BD39ED500F03A1B /* Resources */,
			);
			buildRules = (
			);
			dependencies = (
			);
			name = "snap-it";
			productName = "snap-it";
			productReference = 341275E61BD39ED500F03A1B /* snap-it.app */;
			productType = "com.apple.product-type.application";
		};
		341276011BD39ED500F03A1B /* snap-itTests */ = {
			isa = PBXNativeTarget;
			buildConfigurationList = 341276191BD39ED500F03A1B /* Build configuration list for PBXNativeTarget "snap-itTests" */;
			buildPhases = (
				341275FE1BD39ED500F03A1B /* Sources */,
				341275FF1BD39ED500F03A1B /* Frameworks */,
				341276001BD39ED500F03A1B /* Resources */,
			);
			buildRules = (
			);
			dependencies = (
				341276041BD39ED500F03A1B /* PBXTargetDependency */,
			);
			name = "snap-itTests";
			productName = "snap-itTests";
			productReference = 341276021BD39ED500F03A1B /* snap-itTests.xctest */;
			productType = "com.apple.product-type.bundle.unit-test";
		};
		3412760C1BD39ED500F03A1B /* snap-itUITests */ = {
			isa = PBXNativeTarget;
			buildConfigurationList = 3412761C1BD39ED500F03A1B /* Build configuration list for PBXNativeTarget "snap-itUITests" */;
			buildPhases = (
				341276091BD39ED500F03A1B /* Sources */,
				3412760A1BD39ED500F03A1B /* Frameworks */,
				3412760B1BD39ED500F03A1B /* Resources */,
			);
			buildRules = (
			);
			dependencies = (
				3412760F1BD39ED500F03A1B /* PBXTargetDependency */,
			);
			name = "snap-itUITests";
			productName = "snap-itUITests";
			productReference = 3412760D1BD39ED500F03A1B /* snap-itUITests.xctest */;
			productType = "com.apple.product-type.bundle.ui-testing";
		};
/* End PBXNativeTarget section */

/* Begin PBXProject section */
		341275DE1BD39ED500F03A1B /* Project object */ = {
			isa = PBXProject;
			attributes = {
				LastUpgradeCheck = 0700;
				ORGANIZATIONNAME = "Ravin Kohli";
				TargetAttributes = {
					341275E51BD39ED500F03A1B = {
						CreatedOnToolsVersion = 7.0.1;
						DevelopmentTeam = G6N463DX6B;
					};
					341276011BD39ED500F03A1B = {
						CreatedOnToolsVersion = 7.0.1;
						DevelopmentTeam = G6N463DX6B;
						TestTargetID = 341275E51BD39ED500F03A1B;
					};
					3412760C1BD39ED500F03A1B = {
						CreatedOnToolsVersion = 7.0.1;
						DevelopmentTeam = G6N463DX6B;
						TestTargetID = 341275E51BD39ED500F03A1B;
					};
				};
			};
			buildConfigurationList = 341275E11BD39ED500F03A1B /* Build configuration list for PBXProject "snap-it" */;
			compatibilityVersion = "Xcode 3.2";
			developmentRegion = English;
			hasScannedForEncodings = 0;
			knownRegions = (
				en,
				Base,
			);
			mainGroup = 341275DD1BD39ED500F03A1B;
			productRefGroup = 341275E71BD39ED500F03A1B /* Products */;
			projectDirPath = "";
			projectRoot = "";
			targets = (
				341275E51BD39ED500F03A1B /* snap-it */,
				341276011BD39ED500F03A1B /* snap-itTests */,
				3412760C1BD39ED500F03A1B /* snap-itUITests */,
			);
		};
/* End PBXProject section */

/* Begin PBXResourcesBuildPhase section */
		341275E41BD39ED500F03A1B /* Resources */ = {
			isa = PBXResourcesBuildPhase;
			buildActionMask = 2147483647;
			files = (
				341275FC1BD39ED500F03A1B /* LaunchScreen.storyboard in Resources */,
				341275F91BD39ED500F03A1B /* Assets.xcassets in Resources */,
				341275F71BD39ED500F03A1B /* Main.storyboard in Resources */,
			);
			runOnlyForDeploymentPostprocessing = 0;
		};
		341276001BD39ED500F03A1B /* Resources */ = {
			isa = PBXResourcesBuildPhase;
			buildActionMask = 2147483647;
			files = (
			);
			runOnlyForDeploymentPostprocessing = 0;
		};
		3412760B1BD39ED500F03A1B /* Resources */ = {
			isa = PBXResourcesBuildPhase;
			buildActionMask = 2147483647;
			files = (
			);
			runOnlyForDeploymentPostprocessing = 0;
		};
/* End PBXResourcesBuildPhase section */

/* Begin PBXSourcesBuildPhase section */
		341275E21BD39ED500F03A1B /* Sources */ = {
			isa = PBXSourcesBuildPhase;
			buildActionMask = 2147483647;
			files = (
				341275F41BD39ED500F03A1B /* SecondViewController.m in Sources */,
				341275EE1BD39ED500F03A1B /* AppDelegate.m in Sources */,
				341275F11BD39ED500F03A1B /* FirstViewController.m in Sources */,
				341275EB1BD39ED500F03A1B /* main.m in Sources */,
			);
			runOnlyForDeploymentPostprocessing = 0;
		};
		341275FE1BD39ED500F03A1B /* Sources */ = {
			isa = PBXSourcesBuildPhase;
			buildActionMask = 2147483647;
			files = (
				341276071BD39ED500F03A1B /* snap_itTests.m in Sources */,
			);
			runOnlyForDeploymentPostprocessing = 0;
		};
		341276091BD39ED500F03A1B /* Sources */ = {
			isa = PBXSourcesBuildPhase;
			buildActionMask = 2147483647;
			files = (
				341276121BD39ED500F03A1B /* snap_itUITests.m in Sources */,
			);
			runOnlyForDeploymentPostprocessing = 0;
		};
/* End PBXSourcesBuildPhase section */

/* Begin PBXTargetDependency section */
		341276041BD39ED500F03A1B /* PBXTargetDependency */ = {
			isa = PBXTargetDependency;
			target = 341275E51BD39ED500F03A1B /* snap-it */;
			targetProxy = 341276031BD39ED500F03A1B /* PBXContainerItemProxy */;
		};
		3412760F1BD39ED500F03A1B /* PBXTargetDependency */ = {
			isa = PBXTargetDependency;
			target = 341275E51BD39ED500F03A1B /* snap-it */;
			targetProxy = 3412760E1BD39ED500F03A1B /* PBXContainerItemProxy */;
		};
/* End PBXTargetDependency section */

/* Begin PBXVariantGroup section */
		341275F51BD39ED500F03A1B /* Main.storyboard */ = {
			isa = PBXVariantGroup;
			children = (
				341275F61BD39ED500F03A1B /* Base */,
			);
			name = Main.storyboard;
			sourceTree = "<group>";
		};
		341275FA1BD39ED500F03A1B /* LaunchScreen.storyboard */ = {
			isa = PBXVariantGroup;
			children = (
				341275FB1BD39ED500F03A1B /* Base */,
			);
			name = LaunchScreen.storyboard;
			sourceTree = "<group>";
		};
/* End PBXVariantGroup section */

/* Begin XCBuildConfiguration section */
		341276141BD39ED500F03A1B /* Debug */ = {
			isa = XCBuildConfiguration;
			buildSettings = {
				ALWAYS_SEARCH_USER_PATHS = NO;
				CLANG_CXX_LANGUAGE_STANDARD = "gnu++0x";
				CLANG_CXX_LIBRARY = "libc++";
				CLANG_ENABLE_MODULES = YES;
				CLANG_ENABLE_OBJC_ARC = YES;
				CLANG_WARN_BOOL_CONVERSION = YES;
				CLANG_WARN_CONSTANT_CONVERSION = YES;
				CLANG_WARN_DIRECT_OBJC_ISA_USAGE = YES_ERROR;
				CLANG_WARN_EMPTY_BODY = YES;
				CLANG_WARN_ENUM_CONVERSION = YES;
				CLANG_WARN_INT_CONVERSION = YES;
				CLANG_WARN_OBJC_ROOT_CLASS = YES_ERROR;
				CLANG_WARN_UNREACHABLE_CODE = YES;
				CLANG_WARN__DUPLICATE_METHOD_MATCH = YES;
				"CODE_SIGN_IDENTITY[sdk=iphoneos*]" = "iPhone Developer";
				COPY_PHASE_STRIP = NO;
				DEBUG_INFORMATION_FORMAT = dwarf;
				ENABLE_STRICT_OBJC_MSGSEND = YES;
				ENABLE_TESTABILITY = YES;
				GCC_C_LANGUAGE_STANDARD = gnu99;
				GCC_DYNAMIC_NO_PIC = NO;
				GCC_NO_COMMON_BLOCKS = YES;
				GCC_OPTIMIZATION_LEVEL = 0;
				GCC_PREPROCESSOR_DEFINITIONS = (
					"DEBUG=1",
					"$(inherited)",
				);
				GCC_WARN_64_TO_32_BIT_CONVERSION = YES;
				GCC_WARN_ABOUT_RETURN_TYPE = YES_ERROR;
				GCC_WARN_UNDECLARED_SELECTOR = YES;
				GCC_WARN_UNINITIALIZED_AUTOS = YES_AGGRESSIVE;
				GCC_WARN_UNUSED_FUNCTION = YES;
				GCC_WARN_UNUSED_VARIABLE = YES;
				IPHONEOS_DEPLOYMENT_TARGET = 9.0;
				MTL_ENABLE_DEBUG_INFO = YES;
				ONLY_ACTIVE_ARCH = YES;
				SDKROOT = iphoneos;
			};
			name = Debug;
		};
		341276151BD39ED500F03A1B /* Release */ = {
			isa = XCBuildConfiguration;
			buildSettings = {
				ALWAYS_SEARCH_USER_PATHS = NO;
				CLANG_CXX_LANGUAGE_STANDARD = "gnu++0x";
				CLANG_CXX_LIBRARY = "libc++";
				CLANG_ENABLE_MODULES = YES;
				CLANG_ENABLE_OBJC_ARC = YES;
				CLANG_WARN_BOOL_CONVERSION = YES;
				CLANG_WARN_CONSTANT_CONVERSION = YES;
				CLANG_WARN_DIRECT_OBJC_ISA_USAGE = YES_ERROR;
				CLANG_WARN_EMPTY_BODY = YES;
				CLANG_WARN_ENUM_CONVERSION = YES;
				CLANG_WARN_INT_CONVERSION = YES;
				CLANG_WARN_OBJC_ROOT_CLASS = YES_ERROR;
				CLANG_WARN_UNREACHABLE_CODE = YES;
				CLANG_WARN__DUPLICATE_METHOD_MATCH = YES;
				"CODE_SIGN_IDENTITY[sdk=iphoneos*]" = "iPhone Developer";
				COPY_PHASE_STRIP = NO;
				DEBUG_INFORMATION_FORMAT = "dwarf-with-dsym";
				ENABLE_NS_ASSERTIONS = NO;
				ENABLE_STRICT_OBJC_MSGSEND = YES;
				GCC_C_LANGUAGE_STANDARD = gnu99;
				GCC_NO_COMMON_BLOCKS = YES;
				GCC_WARN_64_TO_32_BIT_CONVERSION = YES;
				GCC_WARN_ABOUT_RETURN_TYPE = YES_ERROR;
				GCC_WARN_UNDECLARED_SELECTOR = YES;
				GCC_WARN_UNINITIALIZED_AUTOS = YES_AGGRESSIVE;
				GCC_WARN_UNUSED_FUNCTION = YES;
				GCC_WARN_UNUSED_VARIABLE = YES;
				IPHONEOS_DEPLOYMENT_TARGET = 9.0;
				MTL_ENABLE_DEBUG_INFO = NO;
				SDKROOT = iphoneos;
				VALIDATE_PRODUCT = YES;
			};
			name = Release;
		};
		341276171BD39ED500F03A1B /* Debug */ = {
			isa = XCBuildConfiguration;
			buildSettings = {
				ASSETCATALOG_COMPILER_APPICON_NAME = AppIcon;
				INFOPLIST_FILE = "snap-it/Info.plist";
				LD_RUNPATH_SEARCH_PATHS = "$(inherited) @executable_path/Frameworks";
				PRODUCT_BUNDLE_IDENTIFIER = "com.ravin.snap-it";
				PRODUCT_NAME = "$(TARGET_NAME)";
			};
			name = Debug;
		};
		341276181BD39ED500F03A1B /* Release */ = {
			isa = XCBuildConfiguration;
			buildSettings = {
				ASSETCATALOG_COMPILER_APPICON_NAME = AppIcon;
				INFOPLIST_FILE = "snap-it/Info.plist";
				LD_RUNPATH_SEARCH_PATHS = "$(inherited) @executable_path/Frameworks";
				PRODUCT_BUNDLE_IDENTIFIER = "com.ravin.snap-it";
				PRODUCT_NAME = "$(TARGET_NAME)";
			};
			name = Release;
		};
		3412761A1BD39ED500F03A1B /* Debug */ = {
			isa = XCBuildConfiguration;
			buildSettings = {
				BUNDLE_LOADER = "$(TEST_HOST)";
				INFOPLIST_FILE = "snap-itTests/Info.plist";
				LD_RUNPATH_SEARCH_PATHS = "$(inherited) @executable_path/Frameworks @loader_path/Frameworks";
				PRODUCT_BUNDLE_IDENTIFIER = "com.ravin.snap-itTests";
				PRODUCT_NAME = "$(TARGET_NAME)";
				TEST_HOST = "$(BUILT_PRODUCTS_DIR)/snap-it.app/snap-it";
			};
			name = Debug;
		};
		3412761B1BD39ED500F03A1B /* Release */ = {
			isa = XCBuildConfiguration;
			buildSettings = {
				BUNDLE_LOADER = "$(TEST_HOST)";
				INFOPLIST_FILE = "snap-itTests/Info.plist";
				LD_RUNPATH_SEARCH_PATHS = "$(inherited) @executable_path/Frameworks @loader_path/Frameworks";
				PRODUCT_BUNDLE_IDENTIFIER = "com.ravin.snap-itTests";
				PRODUCT_NAME = "$(TARGET_NAME)";
				TEST_HOST = "$(BUILT_PRODUCTS_DIR)/snap-it.app/snap-it";
			};
			name = Release;
		};
		3412761D1BD39ED500F03A1B /* Debug */ = {
			isa = XCBuildConfiguration;
			buildSettings = {
				INFOPLIST_FILE = "snap-itUITests/Info.plist";
				LD_RUNPATH_SEARCH_PATHS = "$(inherited) @executable_path/Frameworks @loader_path/Frameworks";
				PRODUCT_BUNDLE_IDENTIFIER = "com.ravin.snap-itUITests";
				PRODUCT_NAME = "$(TARGET_NAME)";
				TEST_TARGET_NAME = "snap-it";
				USES_XCTRUNNER = YES;
			};
			name = Debug;
		};
		3412761E1BD39ED500F03A1B /* Release */ = {
			isa = XCBuildConfiguration;
			buildSettings = {
				INFOPLIST_FILE = "snap-itUITests/Info.plist";
				LD_RUNPATH_SEARCH_PATHS = "$(inherited) @executable_path/Frameworks @loader_path/Frameworks";
				PRODUCT_BUNDLE_IDENTIFIER = "com.ravin.snap-itUITests";
				PRODUCT_NAME = "$(TARGET_NAME)";
				TEST_TARGET_NAME = "snap-it";
				USES_XCTRUNNER = YES;
			};
			name = Release;
		};
/* End XCBuildConfiguration section */

/* Begin XCConfigurationList section */
		341275E11BD39ED500F03A1B /* Build configuration list for PBXProject "snap-it" */ = {
			isa = XCConfigurationList;
			buildConfigurations = (
				341276141BD39ED500F03A1B /* Debug */,
				341276151BD39ED500F03A1B /* Release */,
			);
			defaultConfigurationIsVisible = 0;
			defaultConfigurationName = Release;
		};
		341276161BD39ED500F03A1B /* Build configuration list for PBXNativeTarget "snap-it" */ = {
			isa = XCConfigurationList;
			buildConfigurations = (
				341276171BD39ED500F03A1B /* Debug */,
				341276181BD39ED500F03A1B /* Release */,
			);
			defaultConfigurationIsVisible = 0;
		};
		341276191BD39ED500F03A1B /* Build configuration list for PBXNativeTarget "snap-itTests" */ = {
			isa = XCConfigurationList;
			buildConfigurations = (
				3412761A1BD39ED500F03A1B /* Debug */,
				3412761B1BD39ED500F03A1B /* Release */,
			);
			defaultConfigurationIsVisible = 0;
		};
		3412761C1BD39ED500F03A1B /* Build configuration list for PBXNativeTarget "snap-itUITests" */ = {
			isa = XCConfigurationList;
			buildConfigurations = (
				3412761D1BD39ED500F03A1B /* Debug */,
				3412761E1BD39ED500F03A1B /* Release */,
			);
			defaultConfigurationIsVisible = 0;
		};
/* End XCConfigurationList section */
	};
	rootObject = 341275DE1BD39ED500F03A1B /* Project object */;
}
